
Microsoft Visual Studio Solution File, Format Version 12.00
# Visual Studio 15
VisualStudioVersion = 15.0.28307.271
MinimumVisualStudioVersion = 10.0.40219.1
Project("{FAE04EC0-301F-11D3-BF4B-00C04F79EFBC}") = "Booking_Patronage", "Booking_Patronage\Booking_Patronage.csproj", "{BFB9ED0F-D006-410E-B05B-3DDA5AE28ECD}"
EndProject
Global
	GlobalSection(SolutionConfigurationPlatforms) = preSolution
		Debug|Any CPU = Debug|Any CPU
		Release|Any CPU = Release|Any CPU
	EndGlobalSection
	GlobalSection(ProjectConfigurationPlatforms) = postSolution
		{BFB9ED0F-D006-410E-B05B-3DDA5AE28ECD}.Debug|Any CPU.ActiveCfg = Debug|Any CPU
		{BFB9ED0F-D006-410E-B05B-3DDA5AE28ECD}.Debug|Any CPU.Build.0 = Debug|Any CPU
		{BFB9ED0F-D006-410E-B05B-3DDA5AE28ECD}.Release|Any CPU.ActiveCfg = Release|Any CPU
		{BFB9ED0F-D006-410E-B05B-3DDA5AE28ECD}.Release|Any CPU.Build.0 = Release|Any CPU
	EndGlobalSection
	GlobalSection(SolutionProperties) = preSolution
		HideSolutionNode = FALSE
	EndGlobalSection
	GlobalSection(ExtensibilityGlobals) = postSolution
		SolutionGuid = {D6842962-F07D-444D-A602-2F34E9746155}
	EndGlobalSection
EndGlobal
